
Microsoft Visual Studio Solution File, Format Version 12.00
# Visual Studio Version 16
VisualStudioVersion = 16.0.30907.101
MinimumVisualStudioVersion = 10.0.40219.1
Project("{FAE04EC0-301F-11D3-BF4B-00C04F79EFBC}") = "testeMeta", "testeMeta\testeMeta.csproj", "{150BC20C-949C-405F-9EBF-6C7938929FF1}"
EndProject
Global
	GlobalSection(SolutionConfigurationPlatforms) = preSolution
		Debug|Any CPU = Debug|Any CPU
		Release|Any CPU = Release|Any CPU
	EndGlobalSection
	GlobalSection(ProjectConfigurationPlatforms) = postSolution
		{150BC20C-949C-405F-9EBF-6C7938929FF1}.Debug|Any CPU.ActiveCfg = Debug|Any CPU
		{150BC20C-949C-405F-9EBF-6C7938929FF1}.Debug|Any CPU.Build.0 = Debug|Any CPU
		{150BC20C-949C-405F-9EBF-6C7938929FF1}.Release|Any CPU.ActiveCfg = Release|Any CPU
		{150BC20C-949C-405F-9EBF-6C7938929FF1}.Release|Any CPU.Build.0 = Release|Any CPU
	EndGlobalSection
	GlobalSection(SolutionProperties) = preSolution
		HideSolutionNode = FALSE
	EndGlobalSection
	GlobalSection(ExtensibilityGlobals) = postSolution
		SolutionGuid = {AE44C0A7-0748-46A8-9D12-D217F9334B4C}
	EndGlobalSection
EndGlobal
